{
  "version": 4,
  "terraform_version": "1.9.6",
  "serial": 81,
  "lineage": "7db4b879-cc0c-d072-034e-6fb81ba95a26",
  "outputs": {
    "grafana_hostname": {
      "value": "grafana-ucabojm",
      "type": "string"
    },
    "manager_vm_ids": {
      "value": [
        "ucabojm-comp0235-ns/ucabojm-merizo-manager"
      ],
      "type": [
        "tuple",
        [
          "string"
        ]
      ]
    },
    "manager_vm_ips": {
      "value": [
        "10.134.12.172"
      ],
      "type": [
        "tuple",
        [
          "string"
        ]
      ]
    },
    "storage_vm_ids": {
      "value": [
        "ucabojm-comp0235-ns/ucabojm-merizo-storage"
      ],
      "type": [
        "tuple",
        [
          "string"
        ]
      ]
    },
    "storage_vm_ips": {
      "value": [
        "10.134.12.101"
      ],
      "type": [
        "tuple",
        [
          "string"
        ]
      ]
    },
    "worker_vm_ids": {
      "value": [
        "ucabojm-comp0235-ns/ucabojm-merizo-worker-01",
        "ucabojm-comp0235-ns/ucabojm-merizo-worker-02",
        "ucabojm-comp0235-ns/ucabojm-merizo-worker-03"
      ],
      "type": [
        "tuple",
        [
          "string",
          "string",
          "string"
        ]
      ]
    },
    "worker_vm_ips": {
      "value": [
        "10.134.12.147",
        "10.134.12.128",
        "10.134.12.76"
      ],
      "type": [
        "tuple",
        [
          "string",
          "string",
          "string"
        ]
      ]
    }
  },
  "resources": [
    {
      "mode": "data",
      "type": "harvester_image",
      "name": "img",
      "provider": "provider[\"registry.terraform.io/harvester/harvester\"]",
      "instances": [
        {
          "schema_version": 0,
          "attributes": {
            "description": "",
            "display_name": "almalinux-9.4-20240805",
            "id": "harvester-public/image-bp52g",
            "message": "",
            "name": "image-bp52g",
            "namespace": "harvester-public",
            "progress": 100,
            "pvc_name": "",
            "pvc_namespace": "",
            "size": 591724544,
            "source_type": "download",
            "state": "Active",
            "storage_class_name": "harvester-longhorn",
            "storage_class_parameters": {
              "migratable": "true",
              "numberOfReplicas": "3",
              "staleReplicaTimeout": "30"
            },
            "tags": {},
            "url": "https://repo.almalinux.org/almalinux/9/cloud/x86_64/images/AlmaLinux-9-GenericCloud-9.4-20240805.x86_64.qcow2",
            "volume_storage_class_name": "longhorn-image-bp52g"
          },
          "sensitive_attributes": []
        }
      ]
    },
    {
      "mode": "data",
      "type": "harvester_ssh_key",
      "name": "mysshkey",
      "provider": "provider[\"registry.terraform.io/harvester/harvester\"]",
      "instances": [
        {
          "schema_version": 0,
          "attributes": {
            "description": "",
            "fingerprint": "3e:9b:26:39:7b:34:79:c1:6e:e8:9e:d2:3a:d1:70:55",
            "id": "ucabojm-comp0235-ns/ucabojm-cnc",
            "message": null,
            "name": "ucabojm-cnc",
            "namespace": "ucabojm-comp0235-ns",
            "public_key": "ssh-ed25519 AAAAC3NzaC1lZDI1NTE5AAAAIPlIrEBAOg6LVu6bDIlA9Dmndbzm2K+1nozk/LsyGbA6 almalinux@oorja\n",
            "state": "Validated",
            "tags": {}
          },
          "sensitive_attributes": []
        }
      ]
    },
    {
      "mode": "managed",
      "type": "harvester_cloudinit_secret",
      "name": "cloud-config",
      "provider": "provider[\"registry.terraform.io/harvester/harvester\"]",
      "instances": [
        {
          "schema_version": 0,
          "attributes": {
            "description": "",
            "id": "ucabojm-comp0235-ns/cloud-config",
            "message": null,
            "name": "cloud-config",
            "namespace": "ucabojm-comp0235-ns",
            "network_data": null,
            "network_data_base64": "",
            "state": null,
            "tags": {},
            "user_data": "#cloud-config\nbootcmd:\n  - [ dnf, config-manager, --set-enabled, crb ]\n  - [ dnf, install, -y, epel-release ]\n\nssh_authorized_keys:\n  - ssh-ed25519 AAAAC3NzaC1lZDI1NTE5AAAAIPlIrEBAOg6LVu6bDIlA9Dmndbzm2K+1nozk/LsyGbA6 almalinux@oorja\n\n  - ssh-ed25519 AAAAC3NzaC1lZDI1NTE5AAAAIMd6wccFYaxf5Mn/Hk5MyRQvugd+FJuWJnvLt8wecr7S dbuchan@ML-RJKH0G50C0.local\n\n",
            "user_data_base64": ""
          },
          "sensitive_attributes": [],
          "private": "bnVsbA==",
          "dependencies": [
            "data.harvester_ssh_key.mysshkey",
            "harvester_ssh_key.lecturer_key"
          ]
        }
      ]
    },
    {
      "mode": "managed",
      "type": "harvester_ssh_key",
      "name": "lecturer_key",
      "provider": "provider[\"registry.terraform.io/harvester/harvester\"]",
      "instances": [
        {
          "schema_version": 0,
          "attributes": {
            "description": "",
            "fingerprint": "60:2a:1b:50:47:78:d0:98:ad:67:72:de:ca:db:9f:ea",
            "id": "ucabojm-comp0235-ns/merizo-lecturer-key",
            "message": null,
            "name": "merizo-lecturer-key",
            "namespace": "ucabojm-comp0235-ns",
            "public_key": "ssh-ed25519 AAAAC3NzaC1lZDI1NTE5AAAAIMd6wccFYaxf5Mn/Hk5MyRQvugd+FJuWJnvLt8wecr7S dbuchan@ML-RJKH0G50C0.local\n",
            "state": "Validated",
            "tags": {}
          },
          "sensitive_attributes": [],
          "private": "bnVsbA=="
        }
      ]
    },
    {
      "mode": "managed",
      "type": "harvester_virtualmachine",
      "name": "managervm",
      "provider": "provider[\"registry.terraform.io/harvester/harvester\"]",
      "instances": [
        {
          "index_key": 0,
          "schema_version": 0,
          "attributes": {
            "cloudinit": [
              {
                "network_data": "",
                "network_data_base64": "",
                "network_data_secret_name": "",
                "type": "noCloud",
                "user_data": "",
                "user_data_base64": "",
                "user_data_secret_name": "cloud-config"
              }
            ],
            "cpu": 2,
            "description": "Manager Node",
            "disk": [
              {
                "access_mode": "ReadWriteMany",
                "auto_delete": true,
                "boot_order": 1,
                "bus": "virtio",
                "container_image_name": "",
                "existing_volume_name": "",
                "hot_plug": false,
                "image": "harvester-public/image-bp52g",
                "name": "rootdisk",
                "size": "10Gi",
                "storage_class_name": "longhorn-image-bp52g",
                "type": "disk",
                "volume_mode": "Block",
                "volume_name": "ucabojm-merizo-manager-rootdisk-mjh78"
              }
            ],
            "efi": true,
            "hostname": "ucabojm-merizo-host",
            "id": "ucabojm-comp0235-ns/ucabojm-merizo-manager",
            "input": [],
            "machine_type": "q35",
            "memory": "4Gi",
            "message": null,
            "name": "ucabojm-merizo-manager",
            "namespace": "ucabojm-comp0235-ns",
            "network_interface": [
              {
                "interface_name": "eth0",
                "ip_address": "10.134.12.172",
                "mac_address": "8a:7d:25:af:7a:98",
                "model": "virtio",
                "name": "nic-1",
                "network_name": "ucabojm-comp0235-ns/ds4eng",
                "type": "bridge",
                "wait_for_lease": true
              }
            ],
            "node_name": "harvester-xzx9r",
            "reserved_memory": "100Mi",
            "restart_after_update": true,
            "run_strategy": "RerunOnFailure",
            "secure_boot": false,
            "ssh_keys": [],
            "start": null,
            "state": "Ready",
            "tags": {
              "condenser_ingress_grafana_hostname": "grafana-ucabojm",
              "condenser_ingress_grafana_port": "3000",
              "condenser_ingress_nodeexporter_hostname": "nodeexporter-ucabojm",
              "condenser_ingress_nodeexporter_port": "9100",
              "condenser_ingress_prometheus_hostname": "prometheus-ucabojm",
              "condenser_ingress_prometheus_port": "9090"
            },
            "tpm": []
          },
          "sensitive_attributes": [],
          "private": "bnVsbA==",
          "dependencies": [
            "data.harvester_image.img",
            "data.harvester_ssh_key.mysshkey",
            "harvester_cloudinit_secret.cloud-config",
            "harvester_ssh_key.lecturer_key"
          ]
        }
      ]
    },
    {
      "mode": "managed",
      "type": "harvester_virtualmachine",
      "name": "storagevm",
      "provider": "provider[\"registry.terraform.io/harvester/harvester\"]",
      "instances": [
        {
          "index_key": 0,
          "schema_version": 0,
          "attributes": {
            "cloudinit": [
              {
                "network_data": "",
                "network_data_base64": "",
                "network_data_secret_name": "",
                "type": "noCloud",
                "user_data": "",
                "user_data_base64": "",
                "user_data_secret_name": "cloud-config"
              }
            ],
            "cpu": 4,
            "description": "Storage node",
            "disk": [
              {
                "access_mode": "ReadWriteMany",
                "auto_delete": true,
                "boot_order": 1,
                "bus": "virtio",
                "container_image_name": "",
                "existing_volume_name": "",
                "hot_plug": false,
                "image": "harvester-public/image-bp52g",
                "name": "rootdisk",
                "size": "10Gi",
                "storage_class_name": "longhorn-image-bp52g",
                "type": "disk",
                "volume_mode": "Block",
                "volume_name": "ucabojm-merizo-storage-rootdisk-rlsw4"
              },
              {
                "access_mode": "ReadWriteMany",
                "auto_delete": true,
                "boot_order": 2,
                "bus": "virtio",
                "container_image_name": "",
                "existing_volume_name": "",
                "hot_plug": false,
                "image": "",
                "name": "datadisk",
                "size": "200Gi",
                "storage_class_name": "harvester-longhorn",
                "type": "disk",
                "volume_mode": "Block",
                "volume_name": "ucabojm-merizo-storage-datadisk-l74ft"
              }
            ],
            "efi": true,
            "hostname": "ucabojm-merizo-storage",
            "id": "ucabojm-comp0235-ns/ucabojm-merizo-storage",
            "input": [],
            "machine_type": "q35",
            "memory": "8Gi",
            "message": null,
            "name": "ucabojm-merizo-storage",
            "namespace": "ucabojm-comp0235-ns",
            "network_interface": [
              {
                "interface_name": "eth0",
                "ip_address": "10.134.12.101",
                "mac_address": "56:f8:46:76:f5:f0",
                "model": "virtio",
                "name": "nic-1",
                "network_name": "ucabojm-comp0235-ns/ds4eng",
                "type": "bridge",
                "wait_for_lease": true
              }
            ],
            "node_name": "harvester-pv8c7",
            "reserved_memory": "100Mi",
            "restart_after_update": true,
            "run_strategy": "RerunOnFailure",
            "secure_boot": false,
            "ssh_keys": [],
            "start": null,
            "state": "Ready",
            "tags": {
              "condenser_ingress_cons_hostname": "ucabojm-cons",
              "condenser_ingress_cons_nginx_proxy-body-size": "100000m",
              "condenser_ingress_cons_port": "9201",
              "condenser_ingress_cons_protocol": "https",
              "condenser_ingress_grafana_hostname": "grafana-ucabojm",
              "condenser_ingress_grafana_port": "3000",
              "condenser_ingress_isAllowed": "true",
              "condenser_ingress_isEnabled": "true",
              "condenser_ingress_node_hostname": "node-ucabojm",
              "condenser_ingress_node_port": "9100",
              "condenser_ingress_nodeexporter_hostname": "nodeexporter-ucabojm",
              "condenser_ingress_nodeexporter_port": "9100",
              "condenser_ingress_os_hostname": "ucabojm-s3",
              "condenser_ingress_os_nginx_proxy-body-size": "100000m",
              "condenser_ingress_os_port": "9200",
              "condenser_ingress_os_protocol": "https",
              "condenser_ingress_prometheus_hostname": "prometheus-ucabojm",
              "condenser_ingress_prometheus_port": "9090"
            },
            "tpm": []
          },
          "sensitive_attributes": [],
          "private": "bnVsbA==",
          "dependencies": [
            "data.harvester_image.img",
            "data.harvester_ssh_key.mysshkey",
            "harvester_cloudinit_secret.cloud-config",
            "harvester_ssh_key.lecturer_key"
          ]
        }
      ]
    },
    {
      "mode": "managed",
      "type": "harvester_virtualmachine",
      "name": "workervm",
      "provider": "provider[\"registry.terraform.io/harvester/harvester\"]",
      "instances": [
        {
          "index_key": 0,
          "schema_version": 0,
          "attributes": {
            "cloudinit": [
              {
                "network_data": "",
                "network_data_base64": "",
                "network_data_secret_name": "",
                "type": "noCloud",
                "user_data": "",
                "user_data_base64": "",
                "user_data_secret_name": "cloud-config"
              }
            ],
            "cpu": 4,
            "description": "Worker Node",
            "disk": [
              {
                "access_mode": "ReadWriteMany",
                "auto_delete": true,
                "boot_order": 1,
                "bus": "virtio",
                "container_image_name": "",
                "existing_volume_name": "",
                "hot_plug": false,
                "image": "harvester-public/image-bp52g",
                "name": "rootdisk",
                "size": "25Gi",
                "storage_class_name": "longhorn-image-bp52g",
                "type": "disk",
                "volume_mode": "Block",
                "volume_name": "ucabojm-merizo-worker-01-rootdisk-2fdf5"
              }
            ],
            "efi": true,
            "hostname": "ucabojm-merizo-worker-01",
            "id": "ucabojm-comp0235-ns/ucabojm-merizo-worker-01",
            "input": [],
            "machine_type": "q35",
            "memory": "32Gi",
            "message": null,
            "name": "ucabojm-merizo-worker-01",
            "namespace": "ucabojm-comp0235-ns",
            "network_interface": [
              {
                "interface_name": "eth0",
                "ip_address": "10.134.12.147",
                "mac_address": "82:b7:16:c9:23:e0",
                "model": "virtio",
                "name": "nic-1",
                "network_name": "ucabojm-comp0235-ns/ds4eng",
                "type": "bridge",
                "wait_for_lease": true
              }
            ],
            "node_name": "harvester-q67gd",
            "reserved_memory": "100Mi",
            "restart_after_update": true,
            "run_strategy": "RerunOnFailure",
            "secure_boot": false,
            "ssh_keys": [],
            "start": null,
            "state": "Ready",
            "tags": {
              "condenser_ingress_isAllowed": "true",
              "condenser_ingress_isEnabled": "true",
              "condenser_ingress_node_hostname": "node-ucabojm",
              "condenser_ingress_node_port": "9100"
            },
            "tpm": []
          },
          "sensitive_attributes": [],
          "private": "bnVsbA==",
          "dependencies": [
            "data.harvester_image.img",
            "data.harvester_ssh_key.mysshkey",
            "harvester_cloudinit_secret.cloud-config",
            "harvester_ssh_key.lecturer_key"
          ]
        },
        {
          "index_key": 1,
          "schema_version": 0,
          "attributes": {
            "cloudinit": [
              {
                "network_data": "",
                "network_data_base64": "",
                "network_data_secret_name": "",
                "type": "noCloud",
                "user_data": "",
                "user_data_base64": "",
                "user_data_secret_name": "cloud-config"
              }
            ],
            "cpu": 4,
            "description": "Worker Node",
            "disk": [
              {
                "access_mode": "ReadWriteMany",
                "auto_delete": true,
                "boot_order": 1,
                "bus": "virtio",
                "container_image_name": "",
                "existing_volume_name": "",
                "hot_plug": false,
                "image": "harvester-public/image-bp52g",
                "name": "rootdisk",
                "size": "25Gi",
                "storage_class_name": "longhorn-image-bp52g",
                "type": "disk",
                "volume_mode": "Block",
                "volume_name": "ucabojm-merizo-worker-02-rootdisk-tdtsr"
              }
            ],
            "efi": true,
            "hostname": "ucabojm-merizo-worker-02",
            "id": "ucabojm-comp0235-ns/ucabojm-merizo-worker-02",
            "input": [],
            "machine_type": "q35",
            "memory": "32Gi",
            "message": null,
            "name": "ucabojm-merizo-worker-02",
            "namespace": "ucabojm-comp0235-ns",
            "network_interface": [
              {
                "interface_name": "eth0",
                "ip_address": "10.134.12.128",
                "mac_address": "1a:5b:50:0f:90:e5",
                "model": "virtio",
                "name": "nic-1",
                "network_name": "ucabojm-comp0235-ns/ds4eng",
                "type": "bridge",
                "wait_for_lease": true
              }
            ],
            "node_name": "harvester-7c7vq",
            "reserved_memory": "100Mi",
            "restart_after_update": true,
            "run_strategy": "RerunOnFailure",
            "secure_boot": false,
            "ssh_keys": [],
            "start": null,
            "state": "Ready",
            "tags": {
              "condenser_ingress_isAllowed": "true",
              "condenser_ingress_isEnabled": "true",
              "condenser_ingress_node_hostname": "node-ucabojm",
              "condenser_ingress_node_port": "9100"
            },
            "tpm": []
          },
          "sensitive_attributes": [],
          "private": "bnVsbA==",
          "dependencies": [
            "data.harvester_image.img",
            "data.harvester_ssh_key.mysshkey",
            "harvester_cloudinit_secret.cloud-config",
            "harvester_ssh_key.lecturer_key"
          ]
        },
        {
          "index_key": 2,
          "schema_version": 0,
          "attributes": {
            "cloudinit": [
              {
                "network_data": "",
                "network_data_base64": "",
                "network_data_secret_name": "",
                "type": "noCloud",
                "user_data": "",
                "user_data_base64": "",
                "user_data_secret_name": "cloud-config"
              }
            ],
            "cpu": 4,
            "description": "Worker Node",
            "disk": [
              {
                "access_mode": "ReadWriteMany",
                "auto_delete": true,
                "boot_order": 1,
                "bus": "virtio",
                "container_image_name": "",
                "existing_volume_name": "",
                "hot_plug": false,
                "image": "harvester-public/image-bp52g",
                "name": "rootdisk",
                "size": "25Gi",
                "storage_class_name": "longhorn-image-bp52g",
                "type": "disk",
                "volume_mode": "Block",
                "volume_name": "ucabojm-merizo-worker-03-rootdisk-ws9pb"
              }
            ],
            "efi": true,
            "hostname": "ucabojm-merizo-worker-03",
            "id": "ucabojm-comp0235-ns/ucabojm-merizo-worker-03",
            "input": [],
            "machine_type": "q35",
            "memory": "32Gi",
            "message": null,
            "name": "ucabojm-merizo-worker-03",
            "namespace": "ucabojm-comp0235-ns",
            "network_interface": [
              {
                "interface_name": "eth0",
                "ip_address": "10.134.12.76",
                "mac_address": "aa:6c:19:62:cd:5c",
                "model": "virtio",
                "name": "nic-1",
                "network_name": "ucabojm-comp0235-ns/ds4eng",
                "type": "bridge",
                "wait_for_lease": true
              }
            ],
            "node_name": "harvester-bbcff",
            "reserved_memory": "100Mi",
            "restart_after_update": true,
            "run_strategy": "RerunOnFailure",
            "secure_boot": false,
            "ssh_keys": [],
            "start": null,
            "state": "Ready",
            "tags": {
              "condenser_ingress_isAllowed": "true",
              "condenser_ingress_isEnabled": "true",
              "condenser_ingress_node_hostname": "node-ucabojm",
              "condenser_ingress_node_port": "9100"
            },
            "tpm": []
          },
          "sensitive_attributes": [],
          "private": "bnVsbA==",
          "dependencies": [
            "data.harvester_image.img",
            "data.harvester_ssh_key.mysshkey",
            "harvester_cloudinit_secret.cloud-config",
            "harvester_ssh_key.lecturer_key"
          ]
        }
      ]
    },
    {
      "mode": "managed",
      "type": "local_file",
      "name": "ansible_hosts",
      "provider": "provider[\"registry.terraform.io/hashicorp/local\"]",
      "instances": [
        {
          "schema_version": 0,
          "attributes": {
            "content": "[managernode]\n10.134.12.172\n\n[storagenode]\n10.134.12.101\n\n[workers]\n10.134.12.147\n10.134.12.128\n10.134.12.76\n",
            "content_base64": null,
            "content_base64sha256": "XtH+RCX60H3969FG7PLTKxQqhbPxHde9asoZR9BEo3w=",
            "content_base64sha512": "gdy91SgowS2Vi5RnljYn7+2wrCW40Sm9Bmh1XoTPw44Y1nlbCLP53cGP0NazbfLXxJVEq3xdno12J+oG2tuuRw==",
            "content_md5": "2ea3f1523adabfe0b729a8dc419f01a0",
            "content_sha1": "59d21064de37cc96ae095111faf134cba52db798",
            "content_sha256": "5ed1fe4425fad07dfdebd146ecf2d32b142a85b3f11dd7bd6aca1947d044a37c",
            "content_sha512": "81dcbdd52828c12d958b9467963627efedb0ac25b8d129bd0668755e84cfc38e18d6795b08b3f9ddc18fd0d6b36df2d7c49544ab7c5d9e8d7627ea06dadbae47",
            "directory_permission": "0777",
            "file_permission": "0777",
            "filename": "./../ansible/hosts",
            "id": "59d21064de37cc96ae095111faf134cba52db798",
            "sensitive_content": null,
            "source": null
          },
          "sensitive_attributes": [
            [
              {
                "type": "get_attr",
                "value": "sensitive_content"
              }
            ]
          ],
          "dependencies": [
            "data.harvester_image.img",
            "data.harvester_ssh_key.mysshkey",
            "harvester_cloudinit_secret.cloud-config",
            "harvester_ssh_key.lecturer_key",
            "harvester_virtualmachine.managervm",
            "harvester_virtualmachine.storagevm",
            "harvester_virtualmachine.workervm"
          ]
        }
      ]
    },
    {
      "mode": "managed",
      "type": "local_file",
      "name": "ansible_vars",
      "provider": "provider[\"registry.terraform.io/hashicorp/local\"]",
      "instances": [
        {
          "schema_version": 0,
          "attributes": {
            "content": "manager_ip: 10.134.12.172\nstorage_ip: 10.134.12.101\nworker_ips:\n  - 10.134.12.147\n  - 10.134.12.128\n  - 10.134.12.76\nprometheus_port: 9090\ngrafana_hostname: grafana-ucabojm\nnodeexporter_port: 9100\nminio_s3_port: 9200\nminio_s3_hostname: ucabojm-s3\nminio_console_port: 9201",
            "content_base64": null,
            "content_base64sha256": "76jzDyQvuUr7JkUQ9uVvzuwnQxJOW0yfL3QJtmViclw=",
            "content_base64sha512": "Hwn8ekRho837Jt2zV1RBSCT2kBJ+9yTU7SLxKDKPKiq41/krGWNjJxkBY2TzulzzmfaqhRZsZpNrG1XLpzX7xQ==",
            "content_md5": "83a214684b8291d51e8eed1e4c484859",
            "content_sha1": "3708ec72ec0fcc80d5c79f46ce045fd74d458dce",
            "content_sha256": "efa8f30f242fb94afb264510f6e56fceec2743124e5b4c9f2f7409b66562725c",
            "content_sha512": "1f09fc7a4461a3cdfb26ddb35754414824f690127ef724d4ed22f128328f2a2ab8d7f92b1963632719016364f3ba5cf399f6aa85166c66936b1b55cba735fbc5",
            "directory_permission": "0777",
            "file_permission": "0777",
            "filename": "./../ansible/globalvars/tf.yaml",
            "id": "3708ec72ec0fcc80d5c79f46ce045fd74d458dce",
            "sensitive_content": null,
            "source": null
          },
          "sensitive_attributes": [
            [
              {
                "type": "get_attr",
                "value": "sensitive_content"
              }
            ]
          ],
          "dependencies": [
            "data.harvester_image.img",
            "data.harvester_ssh_key.mysshkey",
            "harvester_cloudinit_secret.cloud-config",
            "harvester_ssh_key.lecturer_key",
            "harvester_virtualmachine.managervm",
            "harvester_virtualmachine.storagevm",
            "harvester_virtualmachine.workervm"
          ]
        }
      ]
    }
  ],
  "check_results": null
}
